# THIS IS AN AUTOGENERATED FILE. DO NOT EDIT THIS FILE DIRECTLY.
# yarn lockfile v1


"@istanbul/app@^0.0.29":
  version "0.0.29"
  resolved "https://registry.yarnpkg.com/@istanbul/app/-/app-0.0.29.tgz#053606dfaaddfc644ec11272e0d13e3fc8ce751c"
  integrity sha512-oX+QS3fjWIoZzXE1uQo5t/p7Fpn20zMe0tMebYTaWUlFN3Cgf+/fnZC9sug9W9pMkpi2DwHErAXe8vlbRLGiog==
  dependencies:
    "@istanbul/core" "^0.0.7"
    "@istanbul/events" "^0.0.4"
    "@istanbul/inject" "^0.0.4"

"@istanbul/core@^0.0.7":
  version "0.0.7"
  resolved "https://registry.yarnpkg.com/@istanbul/core/-/core-0.0.7.tgz#298450fa2a636d5815c7a8aba27a86c726b50604"
  integrity sha512-d5moy/XwEhcXjtxgxNM6IrqlbLb5uExU30tDAEPXAZiNyKt6XAfaSCUiMFxp9OKV/LaUNb47uIDZJXmYYbz9Cw==

"@istanbul/events@^0.0.4":
  version "0.0.4"
  resolved "https://registry.yarnpkg.com/@istanbul/events/-/events-0.0.4.tgz#a388999ddec7e340741116e5bf145603176e7013"
  integrity sha512-B/ebDpFNvb62SnAX3m2ijVWSS3Fulp74jF2SJza0KGyjDUlPjximT2iUjBbSHZeEPWMcZ7NTCjidEctFL9oIKQ==

"@istanbul/inject@^0.0.4":
  version "0.0.4"
  resolved "https://registry.yarnpkg.com/@istanbul/inject/-/inject-0.0.4.tgz#d93280deb30e08861b20e0672e5b3be5d045e0b6"
  integrity sha512-pyRnssamRMoEQedpxXT7jSOIRLPfeeb5S4SFFvCltNMmAWzQIFCnZGCVOLYyisRq+x/WZJw7VSJtli6iMmUFzQ==

"@types/node@^18.6.2":
  version "18.6.5"
  resolved "https://registry.yarnpkg.com/@types/node/-/node-18.6.5.tgz#06caea822caf9e59d5034b695186ee74154d2802"
  integrity sha512-Xjt5ZGUa5WusGZJ4WJPbOT8QOqp6nDynVFRKcUt32bOgvXEoc6o085WNkYTMO7ifAj2isEfQQ2cseE+wT6jsRw==

typescript@^4.7.4:
  version "4.7.4"
  resolved "https://registry.yarnpkg.com/typescript/-/typescript-4.7.4.tgz#1a88596d1cf47d59507a1bcdfb5b9dfe4d488235"
  integrity sha512-C0WQT0gezHuw6AdY1M2jxUO83Rjf0HP7Sk1DtXj6j1EwkQNZrHAg2XPWlq62oqEhYvONq5pkC2Y9oPljWToLmQ==
