# THIS IS AN AUTOGENERATED FILE. DO NOT EDIT THIS FILE DIRECTLY.
# yarn lockfile v1


"@galatajs/app@^0.1.1":
  version "0.1.1"
  resolved "https://registry.yarnpkg.com/@galatajs/app/-/app-0.1.1.tgz#8258552b8cd0c757ce918c973df0394c41e717e1"
  integrity sha512-lu97dr8xHhqcfz/sGkFU/v2pNQe7s2sX5qHkSVcMlqoi5yiQWk4S2kHocPHfDOnz5w71vQcQe7WDiojRYDkOPA==
  dependencies:
    "@galatajs/core" "^0.1.1"
    "@galatajs/events" "^0.1.1"
    "@galatajs/inject" "^0.1.1"

"@galatajs/core@^0.1.1":
  version "0.1.1"
  resolved "https://registry.yarnpkg.com/@galatajs/core/-/core-0.1.1.tgz#77a79f78e6ff8330cd420cd22bb12ed89571c310"
  integrity sha512-bSiLT9NQuMpVkXvSRtFkWip7wMGpnXVzPcWzEAbgsy6kRELKeFXBis2CgzO0vMtk7B/ucMP8vnVqHwtbAQUY3g==

"@galatajs/events@^0.1.1":
  version "0.1.1"
  resolved "https://registry.yarnpkg.com/@galatajs/events/-/events-0.1.1.tgz#4a21c0c37b80a0cfc895b0f4ead6e4e696547c6a"
  integrity sha512-ot/PrNfL/8i7cozEtExI40h2v4HLLRo75ET2tTd4ASABZaHQ9Q/xz/gvh0zmlQxMLMFU+F64ghOvN49/TB6+1g==

"@galatajs/inject@^0.1.1":
  version "0.1.1"
  resolved "https://registry.yarnpkg.com/@galatajs/inject/-/inject-0.1.1.tgz#61d0a27b72092b528f958d9a6a4d01fc87bd8b7f"
  integrity sha512-ESaK9q4o1PPTdbuhRW1Bjbm/pKxgJa+iGO/eQ6JHnkrFICCaTDh+1lL/5ZhmxUdqw1DvVxYn/QL/UbkAu2MbsQ==

"@types/node@^18.6.2":
  version "18.11.8"
  resolved "https://registry.yarnpkg.com/@types/node/-/node-18.11.8.tgz#16d222a58d4363a2a359656dd20b28414de5d265"
  integrity sha512-uGwPWlE0Hj972KkHtCDVwZ8O39GmyjfMane1Z3GUBGGnkZ2USDq7SxLpVIiIHpweY9DS0QTDH0Nw7RNBsAAZ5A==

typescript@^4.7.4:
  version "4.8.4"
  resolved "https://registry.yarnpkg.com/typescript/-/typescript-4.8.4.tgz#c464abca159669597be5f96b8943500b238e60e6"
  integrity sha512-QCh+85mCy+h0IGff8r5XWzOVSbBO+KfeYrMQh7NJ58QujwcE22u+NUSmUxqF+un70P9GXKxa2HCNiTTMJknyjQ==
